
Microsoft Visual Studio Solution File, Format Version 12.00
# Visual Studio Version 17
VisualStudioVersion = 17.11.35303.130
MinimumVisualStudioVersion = 10.0.40219.1
Project("{FAE04EC0-301F-11D3-BF4B-00C04F79EFBC}") = "RateMe", "RateMe\RateMe.csproj", "{D95C114D-BCE0-486B-AECF-4D78A901BFF3}"
EndProject
Project("{FAE04EC0-301F-11D3-BF4B-00C04F79EFBC}") = "RateMeApiServer", "RateMeApiServer\RateMeApiServer.csproj", "{38F82A49-C400-4068-A5E3-A6B0D0A47909}"
EndProject
Project("{FAE04EC0-301F-11D3-BF4B-00C04F79EFBC}") = "RateMeShared", "RateMeShared\RateMeShared.csproj", "{8E186B05-E2E1-4909-8C73-BD68B168DD80}"
EndProject
Project("{FAE04EC0-301F-11D3-BF4B-00C04F79EFBC}") = "RateMeApiUnitTests", "Tests\Unit\RateMeApiUnitTests\RateMeApiUnitTests.csproj", "{113550AC-9738-4A07-BF07-264E47D05956}"
EndProject
Global
	GlobalSection(SolutionConfigurationPlatforms) = preSolution
		Debug|Any CPU = Debug|Any CPU
		Release|Any CPU = Release|Any CPU
	EndGlobalSection
	GlobalSection(ProjectConfigurationPlatforms) = postSolution
		{D95C114D-BCE0-486B-AECF-4D78A901BFF3}.Debug|Any CPU.ActiveCfg = Debug|Any CPU
		{D95C114D-BCE0-486B-AECF-4D78A901BFF3}.Debug|Any CPU.Build.0 = Debug|Any CPU
		{D95C114D-BCE0-486B-AECF-4D78A901BFF3}.Release|Any CPU.ActiveCfg = Release|Any CPU
		{D95C114D-BCE0-486B-AECF-4D78A901BFF3}.Release|Any CPU.Build.0 = Release|Any CPU
		{38F82A49-C400-4068-A5E3-A6B0D0A47909}.Debug|Any CPU.ActiveCfg = Debug|Any CPU
		{38F82A49-C400-4068-A5E3-A6B0D0A47909}.Debug|Any CPU.Build.0 = Debug|Any CPU
		{38F82A49-C400-4068-A5E3-A6B0D0A47909}.Release|Any CPU.ActiveCfg = Release|Any CPU
		{38F82A49-C400-4068-A5E3-A6B0D0A47909}.Release|Any CPU.Build.0 = Release|Any CPU
		{8E186B05-E2E1-4909-8C73-BD68B168DD80}.Debug|Any CPU.ActiveCfg = Debug|Any CPU
		{8E186B05-E2E1-4909-8C73-BD68B168DD80}.Debug|Any CPU.Build.0 = Debug|Any CPU
		{8E186B05-E2E1-4909-8C73-BD68B168DD80}.Release|Any CPU.ActiveCfg = Release|Any CPU
		{8E186B05-E2E1-4909-8C73-BD68B168DD80}.Release|Any CPU.Build.0 = Release|Any CPU
		{8AAFE305-F871-4CC7-BAE3-C1887F32F3FF}.Debug|Any CPU.ActiveCfg = Debug|Any CPU
		{8AAFE305-F871-4CC7-BAE3-C1887F32F3FF}.Debug|Any CPU.Build.0 = Debug|Any CPU
		{8AAFE305-F871-4CC7-BAE3-C1887F32F3FF}.Release|Any CPU.ActiveCfg = Release|Any CPU
		{8AAFE305-F871-4CC7-BAE3-C1887F32F3FF}.Release|Any CPU.Build.0 = Release|Any CPU
		{113550AC-9738-4A07-BF07-264E47D05956}.Debug|Any CPU.ActiveCfg = Debug|Any CPU
		{113550AC-9738-4A07-BF07-264E47D05956}.Debug|Any CPU.Build.0 = Debug|Any CPU
		{113550AC-9738-4A07-BF07-264E47D05956}.Release|Any CPU.ActiveCfg = Release|Any CPU
		{113550AC-9738-4A07-BF07-264E47D05956}.Release|Any CPU.Build.0 = Release|Any CPU
	EndGlobalSection
	GlobalSection(SolutionProperties) = preSolution
		HideSolutionNode = FALSE
	EndGlobalSection
	GlobalSection(ExtensibilityGlobals) = postSolution
		SolutionGuid = {2FA3C26F-C73C-4F04-A0DD-FACF2530D9B5}
	EndGlobalSection
EndGlobal
